
Microsoft Visual Studio Solution File, Format Version 12.00
# Visual Studio 15
VisualStudioVersion = 15.0.26127.3
MinimumVisualStudioVersion = 10.0.40219.1
Project("{2150E333-8FDC-42A3-9474-1A3956D46DE8}") = "src", "src", "{E6AAEEB3-D3D1-4F83-8682-3FB0764859DF}"
EndProject
Project("{2150E333-8FDC-42A3-9474-1A3956D46DE8}") = "Solution Items", "Solution Items", "{42E45530-E49E-4FEE-91BC-54D5761A3611}"
	ProjectSection(SolutionItems) = preProject
		global.json = global.json
	EndProjectSection
EndProject
Project("{2150E333-8FDC-42A3-9474-1A3956D46DE8}") = "HttpAbstractions", "HttpAbstractions", "{F9123B95-3FAD-4E88-B545-60647EB503D5}"
EndProject
Project("{2150E333-8FDC-42A3-9474-1A3956D46DE8}") = "SinxServer", "SinxServer", "{4EF5EA30-183A-4609-8BC8-B72B207E936D}"
EndProject
Project("{9A19103F-16F7-4668-BE54-9A1E7A4F7556}") = "Studio.DotNet.Api", "src\Studio.DotNet.Api\Studio.DotNet.Api.csproj", "{A985CD1F-7525-4F45-8FAE-D99F2961B67C}"
EndProject
Project("{9A19103F-16F7-4668-BE54-9A1E7A4F7556}") = "Sinx.AspNetCore.Http.Abstractions", "src\Sinx.AspNetCore.Http.Abstractions\Sinx.AspNetCore.Http.Abstractions.csproj", "{E3C78887-596F-45E2-BF02-A3B12C8C7818}"
EndProject
Project("{9A19103F-16F7-4668-BE54-9A1E7A4F7556}") = "Sinx.AspNetCore.Http.Features", "src\Sinx.AspNetCore.Http.Features\Sinx.AspNetCore.Http.Features.csproj", "{8D260C70-28F7-4D1B-AE62-41BF90917F72}"
EndProject
Project("{9A19103F-16F7-4668-BE54-9A1E7A4F7556}") = "Studio.DotNet.Test", "src\Studio.DotNet.Test\Studio.DotNet.Test.csproj", "{B276EDD3-3F70-449E-B374-CAD43AA09FC6}"
EndProject
Project("{9A19103F-16F7-4668-BE54-9A1E7A4F7556}") = "Sinx.AspNetCore.Http", "src\Sinx.AspNetCore.Http\Sinx.AspNetCore.Http.csproj", "{F1A1D81C-4B22-4997-8E1C-BF20A0618BC9}"
EndProject
Project("{9A19103F-16F7-4668-BE54-9A1E7A4F7556}") = "Studio.DotNet.Server", "Studio.DotNet.Server\Studio.DotNet.Server.csproj", "{344A0892-8B86-4862-826E-C1FAD900A539}"
EndProject
Project("{9A19103F-16F7-4668-BE54-9A1E7A4F7556}") = "Sinx.Net.Http.Headers", "Sinx.Net.Http.Headers\Sinx.Net.Http.Headers.csproj", "{4C6C35AF-1821-462F-A215-9B1E88BFEC08}"
EndProject
Global
	GlobalSection(SolutionConfigurationPlatforms) = preSolution
		Debug|Any CPU = Debug|Any CPU
		Release|Any CPU = Release|Any CPU
	EndGlobalSection
	GlobalSection(ProjectConfigurationPlatforms) = postSolution
		{A985CD1F-7525-4F45-8FAE-D99F2961B67C}.Debug|Any CPU.ActiveCfg = Debug|Any CPU
		{A985CD1F-7525-4F45-8FAE-D99F2961B67C}.Debug|Any CPU.Build.0 = Debug|Any CPU
		{A985CD1F-7525-4F45-8FAE-D99F2961B67C}.Release|Any CPU.ActiveCfg = Release|Any CPU
		{A985CD1F-7525-4F45-8FAE-D99F2961B67C}.Release|Any CPU.Build.0 = Release|Any CPU
		{E3C78887-596F-45E2-BF02-A3B12C8C7818}.Debug|Any CPU.ActiveCfg = Debug|Any CPU
		{E3C78887-596F-45E2-BF02-A3B12C8C7818}.Debug|Any CPU.Build.0 = Debug|Any CPU
		{E3C78887-596F-45E2-BF02-A3B12C8C7818}.Release|Any CPU.ActiveCfg = Release|Any CPU
		{E3C78887-596F-45E2-BF02-A3B12C8C7818}.Release|Any CPU.Build.0 = Release|Any CPU
		{8D260C70-28F7-4D1B-AE62-41BF90917F72}.Debug|Any CPU.ActiveCfg = Debug|Any CPU
		{8D260C70-28F7-4D1B-AE62-41BF90917F72}.Debug|Any CPU.Build.0 = Debug|Any CPU
		{8D260C70-28F7-4D1B-AE62-41BF90917F72}.Release|Any CPU.ActiveCfg = Release|Any CPU
		{8D260C70-28F7-4D1B-AE62-41BF90917F72}.Release|Any CPU.Build.0 = Release|Any CPU
		{B276EDD3-3F70-449E-B374-CAD43AA09FC6}.Debug|Any CPU.ActiveCfg = Debug|Any CPU
		{B276EDD3-3F70-449E-B374-CAD43AA09FC6}.Debug|Any CPU.Build.0 = Debug|Any CPU
		{B276EDD3-3F70-449E-B374-CAD43AA09FC6}.Release|Any CPU.ActiveCfg = Release|Any CPU
		{B276EDD3-3F70-449E-B374-CAD43AA09FC6}.Release|Any CPU.Build.0 = Release|Any CPU
		{F1A1D81C-4B22-4997-8E1C-BF20A0618BC9}.Debug|Any CPU.ActiveCfg = Debug|Any CPU
		{F1A1D81C-4B22-4997-8E1C-BF20A0618BC9}.Debug|Any CPU.Build.0 = Debug|Any CPU
		{F1A1D81C-4B22-4997-8E1C-BF20A0618BC9}.Release|Any CPU.ActiveCfg = Release|Any CPU
		{F1A1D81C-4B22-4997-8E1C-BF20A0618BC9}.Release|Any CPU.Build.0 = Release|Any CPU
		{344A0892-8B86-4862-826E-C1FAD900A539}.Debug|Any CPU.ActiveCfg = Debug|Any CPU
		{344A0892-8B86-4862-826E-C1FAD900A539}.Debug|Any CPU.Build.0 = Debug|Any CPU
		{344A0892-8B86-4862-826E-C1FAD900A539}.Release|Any CPU.ActiveCfg = Release|Any CPU
		{344A0892-8B86-4862-826E-C1FAD900A539}.Release|Any CPU.Build.0 = Release|Any CPU
		{4C6C35AF-1821-462F-A215-9B1E88BFEC08}.Debug|Any CPU.ActiveCfg = Debug|Any CPU
		{4C6C35AF-1821-462F-A215-9B1E88BFEC08}.Debug|Any CPU.Build.0 = Debug|Any CPU
		{4C6C35AF-1821-462F-A215-9B1E88BFEC08}.Release|Any CPU.ActiveCfg = Release|Any CPU
		{4C6C35AF-1821-462F-A215-9B1E88BFEC08}.Release|Any CPU.Build.0 = Release|Any CPU
	EndGlobalSection
	GlobalSection(SolutionProperties) = preSolution
		HideSolutionNode = FALSE
	EndGlobalSection
	GlobalSection(NestedProjects) = preSolution
		{F9123B95-3FAD-4E88-B545-60647EB503D5} = {E6AAEEB3-D3D1-4F83-8682-3FB0764859DF}
		{4EF5EA30-183A-4609-8BC8-B72B207E936D} = {E6AAEEB3-D3D1-4F83-8682-3FB0764859DF}
		{A985CD1F-7525-4F45-8FAE-D99F2961B67C} = {E6AAEEB3-D3D1-4F83-8682-3FB0764859DF}
		{E3C78887-596F-45E2-BF02-A3B12C8C7818} = {F9123B95-3FAD-4E88-B545-60647EB503D5}
		{8D260C70-28F7-4D1B-AE62-41BF90917F72} = {F9123B95-3FAD-4E88-B545-60647EB503D5}
		{B276EDD3-3F70-449E-B374-CAD43AA09FC6} = {E6AAEEB3-D3D1-4F83-8682-3FB0764859DF}
		{F1A1D81C-4B22-4997-8E1C-BF20A0618BC9} = {F9123B95-3FAD-4E88-B545-60647EB503D5}
		{344A0892-8B86-4862-826E-C1FAD900A539} = {4EF5EA30-183A-4609-8BC8-B72B207E936D}
		{4C6C35AF-1821-462F-A215-9B1E88BFEC08} = {F9123B95-3FAD-4E88-B545-60647EB503D5}
	EndGlobalSection
EndGlobal
