
Microsoft Visual Studio Solution File, Format Version 12.00
# Visual Studio 15
VisualStudioVersion = 15.0.26206.0
MinimumVisualStudioVersion = 10.0.40219.1
Project("{2150E333-8FDC-42A3-9474-1A3956D46DE8}") = "src", "src", "{E6AAEEB3-D3D1-4F83-8682-3FB0764859DF}"
EndProject
Project("{2150E333-8FDC-42A3-9474-1A3956D46DE8}") = "HttpAbstractions", "HttpAbstractions", "{F9123B95-3FAD-4E88-B545-60647EB503D5}"
EndProject
Project("{2150E333-8FDC-42A3-9474-1A3956D46DE8}") = "SinxServer", "SinxServer", "{4EF5EA30-183A-4609-8BC8-B72B207E936D}"
EndProject
Project("{9A19103F-16F7-4668-BE54-9A1E7A4F7556}") = "Studio.DotNet.Api", "src\Studio.DotNet.Api\Studio.DotNet.Api.csproj", "{A985CD1F-7525-4F45-8FAE-D99F2961B67C}"
EndProject
Project("{9A19103F-16F7-4668-BE54-9A1E7A4F7556}") = "Sinx.AspNetCore.Http.Abstractions", "src\Sinx.AspNetCore.Http.Abstractions\Sinx.AspNetCore.Http.Abstractions.csproj", "{E3C78887-596F-45E2-BF02-A3B12C8C7818}"
EndProject
Project("{9A19103F-16F7-4668-BE54-9A1E7A4F7556}") = "Sinx.AspNetCore.Http.Features", "src\Sinx.AspNetCore.Http.Features\Sinx.AspNetCore.Http.Features.csproj", "{8D260C70-28F7-4D1B-AE62-41BF90917F72}"
EndProject
Project("{9A19103F-16F7-4668-BE54-9A1E7A4F7556}") = "Studio.DotNet.Test", "src\Studio.DotNet.Test\Studio.DotNet.Test.csproj", "{B276EDD3-3F70-449E-B374-CAD43AA09FC6}"
EndProject
Project("{9A19103F-16F7-4668-BE54-9A1E7A4F7556}") = "Sinx.AspNetCore.Http", "src\Sinx.AspNetCore.Http\Sinx.AspNetCore.Http.csproj", "{F1A1D81C-4B22-4997-8E1C-BF20A0618BC9}"
EndProject
Project("{9A19103F-16F7-4668-BE54-9A1E7A4F7556}") = "Studio.DotNet.Server", "Studio.DotNet.Server\Studio.DotNet.Server.csproj", "{344A0892-8B86-4862-826E-C1FAD900A539}"
EndProject
Project("{9A19103F-16F7-4668-BE54-9A1E7A4F7556}") = "Sinx.Net.Http.Headers", "Sinx.Net.Http.Headers\Sinx.Net.Http.Headers.csproj", "{4C6C35AF-1821-462F-A215-9B1E88BFEC08}"
EndProject
Project("{FAE04EC0-301F-11D3-BF4B-00C04F79EFBC}") = "Sinx.AspNetCore.Http.Abstractions.Tests", "Sinx.AspNetCore.Http.Abstractions.Tests\Sinx.AspNetCore.Http.Abstractions.Tests.csproj", "{6E950066-E117-4AF4-B73F-B2E26B379D8B}"
EndProject
Project("{FAE04EC0-301F-11D3-BF4B-00C04F79EFBC}") = "Sinx.AspNetCore.WebUtilities", "Sinx.AspNetCore.WebUtilities\Sinx.AspNetCore.WebUtilities.csproj", "{30667774-17B8-40D6-9002-D89BFDE33F4F}"
EndProject
Project("{FAE04EC0-301F-11D3-BF4B-00C04F79EFBC}") = "Sinx.Net.Http.Headers.Tests", "Sinx.Net.Http.Headers.Tests\Sinx.Net.Http.Headers.Tests.csproj", "{2B056609-6C8F-408B-8C9C-C701018B1C55}"
EndProject
Project("{2150E333-8FDC-42A3-9474-1A3956D46DE8}") = "Hosting", "Hosting", "{A096DEFC-85EA-4CD7-9721-49D05D19000E}"
EndProject
Project("{FAE04EC0-301F-11D3-BF4B-00C04F79EFBC}") = "Sinx.AspNetCore.Hosting.Abstractions", "Sinx.AspNetCore.Hosting.Abstractions\Sinx.AspNetCore.Hosting.Abstractions.csproj", "{6DF90201-831A-4027-9218-A73E9FFD3C56}"
EndProject
Project("{9A19103F-16F7-4668-BE54-9A1E7A4F7556}") = "Sinx.AspNetCore.Hosting.Server.Abstractions", "Sinx.AspNetCore.Hosting.Server.Abstractions\Sinx.AspNetCore.Hosting.Server.Abstractions.csproj", "{620DA793-757B-49A6-8580-C738F3BFE2F3}"
EndProject
Global
	GlobalSection(SolutionConfigurationPlatforms) = preSolution
		Debug|Any CPU = Debug|Any CPU
		Debug|x64 = Debug|x64
		Debug|x86 = Debug|x86
		Release|Any CPU = Release|Any CPU
		Release|x64 = Release|x64
		Release|x86 = Release|x86
	EndGlobalSection
	GlobalSection(ProjectConfigurationPlatforms) = postSolution
		{A985CD1F-7525-4F45-8FAE-D99F2961B67C}.Debug|Any CPU.ActiveCfg = Debug|Any CPU
		{A985CD1F-7525-4F45-8FAE-D99F2961B67C}.Debug|Any CPU.Build.0 = Debug|Any CPU
		{A985CD1F-7525-4F45-8FAE-D99F2961B67C}.Debug|x64.ActiveCfg = Debug|x64
		{A985CD1F-7525-4F45-8FAE-D99F2961B67C}.Debug|x64.Build.0 = Debug|x64
		{A985CD1F-7525-4F45-8FAE-D99F2961B67C}.Debug|x86.ActiveCfg = Debug|x86
		{A985CD1F-7525-4F45-8FAE-D99F2961B67C}.Debug|x86.Build.0 = Debug|x86
		{A985CD1F-7525-4F45-8FAE-D99F2961B67C}.Release|Any CPU.ActiveCfg = Release|Any CPU
		{A985CD1F-7525-4F45-8FAE-D99F2961B67C}.Release|Any CPU.Build.0 = Release|Any CPU
		{A985CD1F-7525-4F45-8FAE-D99F2961B67C}.Release|x64.ActiveCfg = Release|x64
		{A985CD1F-7525-4F45-8FAE-D99F2961B67C}.Release|x64.Build.0 = Release|x64
		{A985CD1F-7525-4F45-8FAE-D99F2961B67C}.Release|x86.ActiveCfg = Release|x86
		{A985CD1F-7525-4F45-8FAE-D99F2961B67C}.Release|x86.Build.0 = Release|x86
		{E3C78887-596F-45E2-BF02-A3B12C8C7818}.Debug|Any CPU.ActiveCfg = Debug|Any CPU
		{E3C78887-596F-45E2-BF02-A3B12C8C7818}.Debug|Any CPU.Build.0 = Debug|Any CPU
		{E3C78887-596F-45E2-BF02-A3B12C8C7818}.Debug|x64.ActiveCfg = Debug|x64
		{E3C78887-596F-45E2-BF02-A3B12C8C7818}.Debug|x64.Build.0 = Debug|x64
		{E3C78887-596F-45E2-BF02-A3B12C8C7818}.Debug|x86.ActiveCfg = Debug|x86
		{E3C78887-596F-45E2-BF02-A3B12C8C7818}.Debug|x86.Build.0 = Debug|x86
		{E3C78887-596F-45E2-BF02-A3B12C8C7818}.Release|Any CPU.ActiveCfg = Release|Any CPU
		{E3C78887-596F-45E2-BF02-A3B12C8C7818}.Release|Any CPU.Build.0 = Release|Any CPU
		{E3C78887-596F-45E2-BF02-A3B12C8C7818}.Release|x64.ActiveCfg = Release|x64
		{E3C78887-596F-45E2-BF02-A3B12C8C7818}.Release|x64.Build.0 = Release|x64
		{E3C78887-596F-45E2-BF02-A3B12C8C7818}.Release|x86.ActiveCfg = Release|x86
		{E3C78887-596F-45E2-BF02-A3B12C8C7818}.Release|x86.Build.0 = Release|x86
		{8D260C70-28F7-4D1B-AE62-41BF90917F72}.Debug|Any CPU.ActiveCfg = Debug|Any CPU
		{8D260C70-28F7-4D1B-AE62-41BF90917F72}.Debug|Any CPU.Build.0 = Debug|Any CPU
		{8D260C70-28F7-4D1B-AE62-41BF90917F72}.Debug|x64.ActiveCfg = Debug|x64
		{8D260C70-28F7-4D1B-AE62-41BF90917F72}.Debug|x64.Build.0 = Debug|x64
		{8D260C70-28F7-4D1B-AE62-41BF90917F72}.Debug|x86.ActiveCfg = Debug|x86
		{8D260C70-28F7-4D1B-AE62-41BF90917F72}.Debug|x86.Build.0 = Debug|x86
		{8D260C70-28F7-4D1B-AE62-41BF90917F72}.Release|Any CPU.ActiveCfg = Release|Any CPU
		{8D260C70-28F7-4D1B-AE62-41BF90917F72}.Release|Any CPU.Build.0 = Release|Any CPU
		{8D260C70-28F7-4D1B-AE62-41BF90917F72}.Release|x64.ActiveCfg = Release|x64
		{8D260C70-28F7-4D1B-AE62-41BF90917F72}.Release|x64.Build.0 = Release|x64
		{8D260C70-28F7-4D1B-AE62-41BF90917F72}.Release|x86.ActiveCfg = Release|x86
		{8D260C70-28F7-4D1B-AE62-41BF90917F72}.Release|x86.Build.0 = Release|x86
		{B276EDD3-3F70-449E-B374-CAD43AA09FC6}.Debug|Any CPU.ActiveCfg = Debug|Any CPU
		{B276EDD3-3F70-449E-B374-CAD43AA09FC6}.Debug|Any CPU.Build.0 = Debug|Any CPU
		{B276EDD3-3F70-449E-B374-CAD43AA09FC6}.Debug|x64.ActiveCfg = Debug|x64
		{B276EDD3-3F70-449E-B374-CAD43AA09FC6}.Debug|x64.Build.0 = Debug|x64
		{B276EDD3-3F70-449E-B374-CAD43AA09FC6}.Debug|x86.ActiveCfg = Debug|x86
		{B276EDD3-3F70-449E-B374-CAD43AA09FC6}.Debug|x86.Build.0 = Debug|x86
		{B276EDD3-3F70-449E-B374-CAD43AA09FC6}.Release|Any CPU.ActiveCfg = Release|Any CPU
		{B276EDD3-3F70-449E-B374-CAD43AA09FC6}.Release|Any CPU.Build.0 = Release|Any CPU
		{B276EDD3-3F70-449E-B374-CAD43AA09FC6}.Release|x64.ActiveCfg = Release|x64
		{B276EDD3-3F70-449E-B374-CAD43AA09FC6}.Release|x64.Build.0 = Release|x64
		{B276EDD3-3F70-449E-B374-CAD43AA09FC6}.Release|x86.ActiveCfg = Release|x86
		{B276EDD3-3F70-449E-B374-CAD43AA09FC6}.Release|x86.Build.0 = Release|x86
		{F1A1D81C-4B22-4997-8E1C-BF20A0618BC9}.Debug|Any CPU.ActiveCfg = Debug|Any CPU
		{F1A1D81C-4B22-4997-8E1C-BF20A0618BC9}.Debug|Any CPU.Build.0 = Debug|Any CPU
		{F1A1D81C-4B22-4997-8E1C-BF20A0618BC9}.Debug|x64.ActiveCfg = Debug|x64
		{F1A1D81C-4B22-4997-8E1C-BF20A0618BC9}.Debug|x64.Build.0 = Debug|x64
		{F1A1D81C-4B22-4997-8E1C-BF20A0618BC9}.Debug|x86.ActiveCfg = Debug|x86
		{F1A1D81C-4B22-4997-8E1C-BF20A0618BC9}.Debug|x86.Build.0 = Debug|x86
		{F1A1D81C-4B22-4997-8E1C-BF20A0618BC9}.Release|Any CPU.ActiveCfg = Release|Any CPU
		{F1A1D81C-4B22-4997-8E1C-BF20A0618BC9}.Release|Any CPU.Build.0 = Release|Any CPU
		{F1A1D81C-4B22-4997-8E1C-BF20A0618BC9}.Release|x64.ActiveCfg = Release|x64
		{F1A1D81C-4B22-4997-8E1C-BF20A0618BC9}.Release|x64.Build.0 = Release|x64
		{F1A1D81C-4B22-4997-8E1C-BF20A0618BC9}.Release|x86.ActiveCfg = Release|x86
		{F1A1D81C-4B22-4997-8E1C-BF20A0618BC9}.Release|x86.Build.0 = Release|x86
		{344A0892-8B86-4862-826E-C1FAD900A539}.Debug|Any CPU.ActiveCfg = Debug|Any CPU
		{344A0892-8B86-4862-826E-C1FAD900A539}.Debug|Any CPU.Build.0 = Debug|Any CPU
		{344A0892-8B86-4862-826E-C1FAD900A539}.Debug|x64.ActiveCfg = Debug|x64
		{344A0892-8B86-4862-826E-C1FAD900A539}.Debug|x64.Build.0 = Debug|x64
		{344A0892-8B86-4862-826E-C1FAD900A539}.Debug|x86.ActiveCfg = Debug|x86
		{344A0892-8B86-4862-826E-C1FAD900A539}.Debug|x86.Build.0 = Debug|x86
		{344A0892-8B86-4862-826E-C1FAD900A539}.Release|Any CPU.ActiveCfg = Release|Any CPU
		{344A0892-8B86-4862-826E-C1FAD900A539}.Release|Any CPU.Build.0 = Release|Any CPU
		{344A0892-8B86-4862-826E-C1FAD900A539}.Release|x64.ActiveCfg = Release|x64
		{344A0892-8B86-4862-826E-C1FAD900A539}.Release|x64.Build.0 = Release|x64
		{344A0892-8B86-4862-826E-C1FAD900A539}.Release|x86.ActiveCfg = Release|x86
		{344A0892-8B86-4862-826E-C1FAD900A539}.Release|x86.Build.0 = Release|x86
		{4C6C35AF-1821-462F-A215-9B1E88BFEC08}.Debug|Any CPU.ActiveCfg = Debug|Any CPU
		{4C6C35AF-1821-462F-A215-9B1E88BFEC08}.Debug|Any CPU.Build.0 = Debug|Any CPU
		{4C6C35AF-1821-462F-A215-9B1E88BFEC08}.Debug|x64.ActiveCfg = Debug|x64
		{4C6C35AF-1821-462F-A215-9B1E88BFEC08}.Debug|x64.Build.0 = Debug|x64
		{4C6C35AF-1821-462F-A215-9B1E88BFEC08}.Debug|x86.ActiveCfg = Debug|x86
		{4C6C35AF-1821-462F-A215-9B1E88BFEC08}.Debug|x86.Build.0 = Debug|x86
		{4C6C35AF-1821-462F-A215-9B1E88BFEC08}.Release|Any CPU.ActiveCfg = Release|Any CPU
		{4C6C35AF-1821-462F-A215-9B1E88BFEC08}.Release|Any CPU.Build.0 = Release|Any CPU
		{4C6C35AF-1821-462F-A215-9B1E88BFEC08}.Release|x64.ActiveCfg = Release|x64
		{4C6C35AF-1821-462F-A215-9B1E88BFEC08}.Release|x64.Build.0 = Release|x64
		{4C6C35AF-1821-462F-A215-9B1E88BFEC08}.Release|x86.ActiveCfg = Release|x86
		{4C6C35AF-1821-462F-A215-9B1E88BFEC08}.Release|x86.Build.0 = Release|x86
		{6E950066-E117-4AF4-B73F-B2E26B379D8B}.Debug|Any CPU.ActiveCfg = Debug|Any CPU
		{6E950066-E117-4AF4-B73F-B2E26B379D8B}.Debug|Any CPU.Build.0 = Debug|Any CPU
		{6E950066-E117-4AF4-B73F-B2E26B379D8B}.Debug|x64.ActiveCfg = Debug|x64
		{6E950066-E117-4AF4-B73F-B2E26B379D8B}.Debug|x64.Build.0 = Debug|x64
		{6E950066-E117-4AF4-B73F-B2E26B379D8B}.Debug|x86.ActiveCfg = Debug|x86
		{6E950066-E117-4AF4-B73F-B2E26B379D8B}.Debug|x86.Build.0 = Debug|x86
		{6E950066-E117-4AF4-B73F-B2E26B379D8B}.Release|Any CPU.ActiveCfg = Release|Any CPU
		{6E950066-E117-4AF4-B73F-B2E26B379D8B}.Release|Any CPU.Build.0 = Release|Any CPU
		{6E950066-E117-4AF4-B73F-B2E26B379D8B}.Release|x64.ActiveCfg = Release|x64
		{6E950066-E117-4AF4-B73F-B2E26B379D8B}.Release|x64.Build.0 = Release|x64
		{6E950066-E117-4AF4-B73F-B2E26B379D8B}.Release|x86.ActiveCfg = Release|x86
		{6E950066-E117-4AF4-B73F-B2E26B379D8B}.Release|x86.Build.0 = Release|x86
		{30667774-17B8-40D6-9002-D89BFDE33F4F}.Debug|Any CPU.ActiveCfg = Debug|Any CPU
		{30667774-17B8-40D6-9002-D89BFDE33F4F}.Debug|Any CPU.Build.0 = Debug|Any CPU
		{30667774-17B8-40D6-9002-D89BFDE33F4F}.Debug|x64.ActiveCfg = Debug|x64
		{30667774-17B8-40D6-9002-D89BFDE33F4F}.Debug|x64.Build.0 = Debug|x64
		{30667774-17B8-40D6-9002-D89BFDE33F4F}.Debug|x86.ActiveCfg = Debug|x86
		{30667774-17B8-40D6-9002-D89BFDE33F4F}.Debug|x86.Build.0 = Debug|x86
		{30667774-17B8-40D6-9002-D89BFDE33F4F}.Release|Any CPU.ActiveCfg = Release|Any CPU
		{30667774-17B8-40D6-9002-D89BFDE33F4F}.Release|Any CPU.Build.0 = Release|Any CPU
		{30667774-17B8-40D6-9002-D89BFDE33F4F}.Release|x64.ActiveCfg = Release|x64
		{30667774-17B8-40D6-9002-D89BFDE33F4F}.Release|x64.Build.0 = Release|x64
		{30667774-17B8-40D6-9002-D89BFDE33F4F}.Release|x86.ActiveCfg = Release|x86
		{30667774-17B8-40D6-9002-D89BFDE33F4F}.Release|x86.Build.0 = Release|x86
		{2B056609-6C8F-408B-8C9C-C701018B1C55}.Debug|Any CPU.ActiveCfg = Debug|Any CPU
		{2B056609-6C8F-408B-8C9C-C701018B1C55}.Debug|Any CPU.Build.0 = Debug|Any CPU
		{2B056609-6C8F-408B-8C9C-C701018B1C55}.Debug|x64.ActiveCfg = Debug|x64
		{2B056609-6C8F-408B-8C9C-C701018B1C55}.Debug|x64.Build.0 = Debug|x64
		{2B056609-6C8F-408B-8C9C-C701018B1C55}.Debug|x86.ActiveCfg = Debug|x86
		{2B056609-6C8F-408B-8C9C-C701018B1C55}.Debug|x86.Build.0 = Debug|x86
		{2B056609-6C8F-408B-8C9C-C701018B1C55}.Release|Any CPU.ActiveCfg = Release|Any CPU
		{2B056609-6C8F-408B-8C9C-C701018B1C55}.Release|Any CPU.Build.0 = Release|Any CPU
		{2B056609-6C8F-408B-8C9C-C701018B1C55}.Release|x64.ActiveCfg = Release|x64
		{2B056609-6C8F-408B-8C9C-C701018B1C55}.Release|x64.Build.0 = Release|x64
		{2B056609-6C8F-408B-8C9C-C701018B1C55}.Release|x86.ActiveCfg = Release|x86
		{2B056609-6C8F-408B-8C9C-C701018B1C55}.Release|x86.Build.0 = Release|x86
		{6DF90201-831A-4027-9218-A73E9FFD3C56}.Debug|Any CPU.ActiveCfg = Debug|Any CPU
		{6DF90201-831A-4027-9218-A73E9FFD3C56}.Debug|Any CPU.Build.0 = Debug|Any CPU
		{6DF90201-831A-4027-9218-A73E9FFD3C56}.Debug|x64.ActiveCfg = Debug|x64
		{6DF90201-831A-4027-9218-A73E9FFD3C56}.Debug|x64.Build.0 = Debug|x64
		{6DF90201-831A-4027-9218-A73E9FFD3C56}.Debug|x86.ActiveCfg = Debug|x86
		{6DF90201-831A-4027-9218-A73E9FFD3C56}.Debug|x86.Build.0 = Debug|x86
		{6DF90201-831A-4027-9218-A73E9FFD3C56}.Release|Any CPU.ActiveCfg = Release|Any CPU
		{6DF90201-831A-4027-9218-A73E9FFD3C56}.Release|Any CPU.Build.0 = Release|Any CPU
		{6DF90201-831A-4027-9218-A73E9FFD3C56}.Release|x64.ActiveCfg = Release|x64
		{6DF90201-831A-4027-9218-A73E9FFD3C56}.Release|x64.Build.0 = Release|x64
		{6DF90201-831A-4027-9218-A73E9FFD3C56}.Release|x86.ActiveCfg = Release|x86
		{6DF90201-831A-4027-9218-A73E9FFD3C56}.Release|x86.Build.0 = Release|x86
		{620DA793-757B-49A6-8580-C738F3BFE2F3}.Debug|Any CPU.ActiveCfg = Debug|Any CPU
		{620DA793-757B-49A6-8580-C738F3BFE2F3}.Debug|Any CPU.Build.0 = Debug|Any CPU
		{620DA793-757B-49A6-8580-C738F3BFE2F3}.Debug|x64.ActiveCfg = Debug|x64
		{620DA793-757B-49A6-8580-C738F3BFE2F3}.Debug|x64.Build.0 = Debug|x64
		{620DA793-757B-49A6-8580-C738F3BFE2F3}.Debug|x86.ActiveCfg = Debug|x86
		{620DA793-757B-49A6-8580-C738F3BFE2F3}.Debug|x86.Build.0 = Debug|x86
		{620DA793-757B-49A6-8580-C738F3BFE2F3}.Release|Any CPU.ActiveCfg = Release|Any CPU
		{620DA793-757B-49A6-8580-C738F3BFE2F3}.Release|Any CPU.Build.0 = Release|Any CPU
		{620DA793-757B-49A6-8580-C738F3BFE2F3}.Release|x64.ActiveCfg = Release|x64
		{620DA793-757B-49A6-8580-C738F3BFE2F3}.Release|x64.Build.0 = Release|x64
		{620DA793-757B-49A6-8580-C738F3BFE2F3}.Release|x86.ActiveCfg = Release|x86
		{620DA793-757B-49A6-8580-C738F3BFE2F3}.Release|x86.Build.0 = Release|x86
	EndGlobalSection
	GlobalSection(SolutionProperties) = preSolution
		HideSolutionNode = FALSE
	EndGlobalSection
	GlobalSection(NestedProjects) = preSolution
		{F9123B95-3FAD-4E88-B545-60647EB503D5} = {E6AAEEB3-D3D1-4F83-8682-3FB0764859DF}
		{4EF5EA30-183A-4609-8BC8-B72B207E936D} = {E6AAEEB3-D3D1-4F83-8682-3FB0764859DF}
		{A985CD1F-7525-4F45-8FAE-D99F2961B67C} = {E6AAEEB3-D3D1-4F83-8682-3FB0764859DF}
		{E3C78887-596F-45E2-BF02-A3B12C8C7818} = {F9123B95-3FAD-4E88-B545-60647EB503D5}
		{8D260C70-28F7-4D1B-AE62-41BF90917F72} = {F9123B95-3FAD-4E88-B545-60647EB503D5}
		{B276EDD3-3F70-449E-B374-CAD43AA09FC6} = {E6AAEEB3-D3D1-4F83-8682-3FB0764859DF}
		{F1A1D81C-4B22-4997-8E1C-BF20A0618BC9} = {F9123B95-3FAD-4E88-B545-60647EB503D5}
		{344A0892-8B86-4862-826E-C1FAD900A539} = {4EF5EA30-183A-4609-8BC8-B72B207E936D}
		{4C6C35AF-1821-462F-A215-9B1E88BFEC08} = {F9123B95-3FAD-4E88-B545-60647EB503D5}
		{6E950066-E117-4AF4-B73F-B2E26B379D8B} = {F9123B95-3FAD-4E88-B545-60647EB503D5}
		{30667774-17B8-40D6-9002-D89BFDE33F4F} = {F9123B95-3FAD-4E88-B545-60647EB503D5}
		{2B056609-6C8F-408B-8C9C-C701018B1C55} = {F9123B95-3FAD-4E88-B545-60647EB503D5}
		{A096DEFC-85EA-4CD7-9721-49D05D19000E} = {E6AAEEB3-D3D1-4F83-8682-3FB0764859DF}
		{6DF90201-831A-4027-9218-A73E9FFD3C56} = {A096DEFC-85EA-4CD7-9721-49D05D19000E}
		{620DA793-757B-49A6-8580-C738F3BFE2F3} = {A096DEFC-85EA-4CD7-9721-49D05D19000E}
	EndGlobalSection
EndGlobal
